
Microsoft Visual Studio Solution File, Format Version 12.00
# Visual Studio Version 16
VisualStudioVersion = 16.0.31402.337
MinimumVisualStudioVersion = 10.0.40219.1
Project("{FAE04EC0-301F-11D3-BF4B-00C04F79EFBC}") = "TelegramBot", "TelegramBot\TelegramBot.csproj", "{711FC320-C246-4F6C-91E2-297F3EC7231A}"
EndProject
Global
	GlobalSection(SolutionConfigurationPlatforms) = preSolution
		Debug|Any CPU = Debug|Any CPU
		Release|Any CPU = Release|Any CPU
	EndGlobalSection
	GlobalSection(ProjectConfigurationPlatforms) = postSolution
		{711FC320-C246-4F6C-91E2-297F3EC7231A}.Debug|Any CPU.ActiveCfg = Debug|Any CPU
		{711FC320-C246-4F6C-91E2-297F3EC7231A}.Debug|Any CPU.Build.0 = Debug|Any CPU
		{711FC320-C246-4F6C-91E2-297F3EC7231A}.Release|Any CPU.ActiveCfg = Release|Any CPU
		{711FC320-C246-4F6C-91E2-297F3EC7231A}.Release|Any CPU.Build.0 = Release|Any CPU
	EndGlobalSection
	GlobalSection(SolutionProperties) = preSolution
		HideSolutionNode = FALSE
	EndGlobalSection
	GlobalSection(ExtensibilityGlobals) = postSolution
		SolutionGuid = {C8A6D3F1-708E-4207-919B-8DDD64987978}
	EndGlobalSection
EndGlobal
